
Microsoft Visual Studio Solution File, Format Version 12.00
# Visual Studio 15
Project("{FAE04EC0-301F-11D3-BF4B-00C04F79EFBC}") = "UnityEngine.UI", "UnityEngine.UI.csproj", "{44C2A421-7220-EC2F-C41D-3A8B173A7B3F}"
EndProject
Project("{FAE04EC0-301F-11D3-BF4B-00C04F79EFBC}") = "UnityEngine.TestRunner", "UnityEngine.TestRunner.csproj", "{3939B180-987B-0E5B-57C3-A6B3D56BE0E4}"
EndProject
Project("{FAE04EC0-301F-11D3-BF4B-00C04F79EFBC}") = "Unity.InputSystem", "Unity.InputSystem.csproj", "{EDF38879-EDCE-36FB-F885-6B0F237B2B03}"
EndProject
Project("{FAE04EC0-301F-11D3-BF4B-00C04F79EFBC}") = "Unity.Timeline", "Unity.Timeline.csproj", "{23FFC9D2-CD9F-80DB-AC5E-AAA34B61E7EA}"
EndProject
Project("{FAE04EC0-301F-11D3-BF4B-00C04F79EFBC}") = "Cinemachine", "Cinemachine.csproj", "{F1459D3A-7DC8-AD6D-B821-28EF81AC5B33}"
EndProject
Project("{FAE04EC0-301F-11D3-BF4B-00C04F79EFBC}") = "Unity.TextMeshPro", "Unity.TextMeshPro.csproj", "{1A2621F9-9EB3-53CD-A6E1-EDA834CA9D6F}"
EndProject
Project("{FAE04EC0-301F-11D3-BF4B-00C04F79EFBC}") = "Assembly-CSharp", "Assembly-CSharp.csproj", "{3BC6FD2A-DC57-6AE8-BABB-E0BBF5F6DBE6}"
EndProject
Project("{FAE04EC0-301F-11D3-BF4B-00C04F79EFBC}") = "UnityEditor.TestRunner", "UnityEditor.TestRunner.csproj", "{76536DB6-210E-390A-7E55-6CEDCDDAB563}"
EndProject
Project("{FAE04EC0-301F-11D3-BF4B-00C04F79EFBC}") = "Unity.PlasticSCM.Editor", "Unity.PlasticSCM.Editor.csproj", "{FCC204AE-5336-57F1-7EDF-F36CD71D5CDD}"
EndProject
Project("{FAE04EC0-301F-11D3-BF4B-00C04F79EFBC}") = "UnityEditor.UI", "UnityEditor.UI.csproj", "{88682617-3098-53C0-13C9-94BCD7FC2A23}"
EndProject
Project("{FAE04EC0-301F-11D3-BF4B-00C04F79EFBC}") = "Unity.Services.Core.Editor", "Unity.Services.Core.Editor.csproj", "{35127DD6-1CCE-C923-F438-DD2F2BD1B5D9}"
EndProject
Project("{FAE04EC0-301F-11D3-BF4B-00C04F79EFBC}") = "Unity.Timeline.Editor", "Unity.Timeline.Editor.csproj", "{B6A4521A-3C9E-1E9A-6922-AE2695D7E296}"
EndProject
Project("{FAE04EC0-301F-11D3-BF4B-00C04F79EFBC}") = "Unity.VisualStudio.Editor", "Unity.VisualStudio.Editor.csproj", "{85A7222D-7214-D5DA-B535-C78A2F8EA98A}"
EndProject
Project("{FAE04EC0-301F-11D3-BF4B-00C04F79EFBC}") = "com.unity.cinemachine.editor", "com.unity.cinemachine.editor.csproj", "{A236F250-8997-9639-40ED-9C8334429AD1}"
EndProject
Project("{FAE04EC0-301F-11D3-BF4B-00C04F79EFBC}") = "Unity.TextMeshPro.Editor", "Unity.TextMeshPro.Editor.csproj", "{73F8F271-BB5E-26ED-3EAE-9DE91A7A3E6B}"
EndProject
Project("{FAE04EC0-301F-11D3-BF4B-00C04F79EFBC}") = "Unity.CollabProxy.Editor", "Unity.CollabProxy.Editor.csproj", "{E86A08C1-77D1-1B74-77C0-C1C9FD513B91}"
EndProject
Project("{FAE04EC0-301F-11D3-BF4B-00C04F79EFBC}") = "Unity.Rider.Editor", "Unity.Rider.Editor.csproj", "{5E7BC743-8CE2-9050-EA2E-1F8BCC5E9F7D}"
EndProject
Project("{FAE04EC0-301F-11D3-BF4B-00C04F79EFBC}") = "Unity.VSCode.Editor", "Unity.VSCode.Editor.csproj", "{02CE0337-9D12-EFF4-2728-1F2B3BEF236D}"
EndProject
Project("{FAE04EC0-301F-11D3-BF4B-00C04F79EFBC}") = "Assembly-CSharp-Editor", "Assembly-CSharp-Editor.csproj", "{EEA01EDC-F2C8-43D6-FE80-DCE3902A2DAC}"
EndProject
Project("{FAE04EC0-301F-11D3-BF4B-00C04F79EFBC}") = "UnityEngine.UI", "UnityEngine.UI.Player.csproj", "{B5B90119-928C-0F84-16A1-34826D9ADA57}"
EndProject
Project("{FAE04EC0-301F-11D3-BF4B-00C04F79EFBC}") = "UnityEngine.TestRunner", "UnityEngine.TestRunner.Player.csproj", "{6CC0E048-AA26-B854-469B-BBA628F69074}"
EndProject
Project("{FAE04EC0-301F-11D3-BF4B-00C04F79EFBC}") = "Unity.InputSystem", "Unity.InputSystem.Player.csproj", "{735B2F79-341A-3A17-863D-3221A3EF797D}"
EndProject
Project("{FAE04EC0-301F-11D3-BF4B-00C04F79EFBC}") = "Unity.Timeline", "Unity.Timeline.Player.csproj", "{8A7881A2-8A17-D743-4C77-BB3D69258B04}"
EndProject
Project("{FAE04EC0-301F-11D3-BF4B-00C04F79EFBC}") = "Cinemachine", "Cinemachine.Player.csproj", "{0637E2C9-C26D-98F0-4B95-CAC65FA7D96C}"
EndProject
Project("{FAE04EC0-301F-11D3-BF4B-00C04F79EFBC}") = "Unity.TextMeshPro", "Unity.TextMeshPro.Player.csproj", "{47DCD3BC-DE06-2C64-A0A0-26592361AD7D}"
EndProject
Project("{FAE04EC0-301F-11D3-BF4B-00C04F79EFBC}") = "Assembly-CSharp", "Assembly-CSharp.Player.csproj", "{BACAE1D8-4F1C-396F-2CA6-978D4255591E}"
EndProject
Global
	GlobalSection(SolutionConfigurationPlatforms) = preSolution
		Debug|Any CPU = Debug|Any CPU
		Release|Any CPU = Release|Any CPU
	EndGlobalSection
	GlobalSection(ProjectConfigurationPlatforms) = postSolution
		{44C2A421-7220-EC2F-C41D-3A8B173A7B3F}.Debug|Any CPU.ActiveCfg = Debug|Any CPU
		{44C2A421-7220-EC2F-C41D-3A8B173A7B3F}.Debug|Any CPU.Build.0 = Debug|Any CPU
		{44C2A421-7220-EC2F-C41D-3A8B173A7B3F}.Release|Any CPU.ActiveCfg = Release|Any CPU
		{44C2A421-7220-EC2F-C41D-3A8B173A7B3F}.Release|Any CPU.Build.0 = Release|Any CPU
		{3939B180-987B-0E5B-57C3-A6B3D56BE0E4}.Debug|Any CPU.ActiveCfg = Debug|Any CPU
		{3939B180-987B-0E5B-57C3-A6B3D56BE0E4}.Debug|Any CPU.Build.0 = Debug|Any CPU
		{3939B180-987B-0E5B-57C3-A6B3D56BE0E4}.Release|Any CPU.ActiveCfg = Release|Any CPU
		{3939B180-987B-0E5B-57C3-A6B3D56BE0E4}.Release|Any CPU.Build.0 = Release|Any CPU
		{EDF38879-EDCE-36FB-F885-6B0F237B2B03}.Debug|Any CPU.ActiveCfg = Debug|Any CPU
		{EDF38879-EDCE-36FB-F885-6B0F237B2B03}.Debug|Any CPU.Build.0 = Debug|Any CPU
		{EDF38879-EDCE-36FB-F885-6B0F237B2B03}.Release|Any CPU.ActiveCfg = Release|Any CPU
		{EDF38879-EDCE-36FB-F885-6B0F237B2B03}.Release|Any CPU.Build.0 = Release|Any CPU
		{23FFC9D2-CD9F-80DB-AC5E-AAA34B61E7EA}.Debug|Any CPU.ActiveCfg = Debug|Any CPU
		{23FFC9D2-CD9F-80DB-AC5E-AAA34B61E7EA}.Debug|Any CPU.Build.0 = Debug|Any CPU
		{23FFC9D2-CD9F-80DB-AC5E-AAA34B61E7EA}.Release|Any CPU.ActiveCfg = Release|Any CPU
		{23FFC9D2-CD9F-80DB-AC5E-AAA34B61E7EA}.Release|Any CPU.Build.0 = Release|Any CPU
		{F1459D3A-7DC8-AD6D-B821-28EF81AC5B33}.Debug|Any CPU.ActiveCfg = Debug|Any CPU
		{F1459D3A-7DC8-AD6D-B821-28EF81AC5B33}.Debug|Any CPU.Build.0 = Debug|Any CPU
		{F1459D3A-7DC8-AD6D-B821-28EF81AC5B33}.Release|Any CPU.ActiveCfg = Release|Any CPU
		{F1459D3A-7DC8-AD6D-B821-28EF81AC5B33}.Release|Any CPU.Build.0 = Release|Any CPU
		{1A2621F9-9EB3-53CD-A6E1-EDA834CA9D6F}.Debug|Any CPU.ActiveCfg = Debug|Any CPU
		{1A2621F9-9EB3-53CD-A6E1-EDA834CA9D6F}.Debug|Any CPU.Build.0 = Debug|Any CPU
		{1A2621F9-9EB3-53CD-A6E1-EDA834CA9D6F}.Release|Any CPU.ActiveCfg = Release|Any CPU
		{1A2621F9-9EB3-53CD-A6E1-EDA834CA9D6F}.Release|Any CPU.Build.0 = Release|Any CPU
		{3BC6FD2A-DC57-6AE8-BABB-E0BBF5F6DBE6}.Debug|Any CPU.ActiveCfg = Debug|Any CPU
		{3BC6FD2A-DC57-6AE8-BABB-E0BBF5F6DBE6}.Debug|Any CPU.Build.0 = Debug|Any CPU
		{3BC6FD2A-DC57-6AE8-BABB-E0BBF5F6DBE6}.Release|Any CPU.ActiveCfg = Release|Any CPU
		{3BC6FD2A-DC57-6AE8-BABB-E0BBF5F6DBE6}.Release|Any CPU.Build.0 = Release|Any CPU
		{76536DB6-210E-390A-7E55-6CEDCDDAB563}.Debug|Any CPU.ActiveCfg = Debug|Any CPU
		{76536DB6-210E-390A-7E55-6CEDCDDAB563}.Debug|Any CPU.Build.0 = Debug|Any CPU
		{76536DB6-210E-390A-7E55-6CEDCDDAB563}.Release|Any CPU.ActiveCfg = Release|Any CPU
		{76536DB6-210E-390A-7E55-6CEDCDDAB563}.Release|Any CPU.Build.0 = Release|Any CPU
		{FCC204AE-5336-57F1-7EDF-F36CD71D5CDD}.Debug|Any CPU.ActiveCfg = Debug|Any CPU
		{FCC204AE-5336-57F1-7EDF-F36CD71D5CDD}.Debug|Any CPU.Build.0 = Debug|Any CPU
		{FCC204AE-5336-57F1-7EDF-F36CD71D5CDD}.Release|Any CPU.ActiveCfg = Release|Any CPU
		{FCC204AE-5336-57F1-7EDF-F36CD71D5CDD}.Release|Any CPU.Build.0 = Release|Any CPU
		{88682617-3098-53C0-13C9-94BCD7FC2A23}.Debug|Any CPU.ActiveCfg = Debug|Any CPU
		{88682617-3098-53C0-13C9-94BCD7FC2A23}.Debug|Any CPU.Build.0 = Debug|Any CPU
		{88682617-3098-53C0-13C9-94BCD7FC2A23}.Release|Any CPU.ActiveCfg = Release|Any CPU
		{88682617-3098-53C0-13C9-94BCD7FC2A23}.Release|Any CPU.Build.0 = Release|Any CPU
		{35127DD6-1CCE-C923-F438-DD2F2BD1B5D9}.Debug|Any CPU.ActiveCfg = Debug|Any CPU
		{35127DD6-1CCE-C923-F438-DD2F2BD1B5D9}.Debug|Any CPU.Build.0 = Debug|Any CPU
		{35127DD6-1CCE-C923-F438-DD2F2BD1B5D9}.Release|Any CPU.ActiveCfg = Release|Any CPU
		{35127DD6-1CCE-C923-F438-DD2F2BD1B5D9}.Release|Any CPU.Build.0 = Release|Any CPU
		{B6A4521A-3C9E-1E9A-6922-AE2695D7E296}.Debug|Any CPU.ActiveCfg = Debug|Any CPU
		{B6A4521A-3C9E-1E9A-6922-AE2695D7E296}.Debug|Any CPU.Build.0 = Debug|Any CPU
		{B6A4521A-3C9E-1E9A-6922-AE2695D7E296}.Release|Any CPU.ActiveCfg = Release|Any CPU
		{B6A4521A-3C9E-1E9A-6922-AE2695D7E296}.Release|Any CPU.Build.0 = Release|Any CPU
		{85A7222D-7214-D5DA-B535-C78A2F8EA98A}.Debug|Any CPU.ActiveCfg = Debug|Any CPU
		{85A7222D-7214-D5DA-B535-C78A2F8EA98A}.Debug|Any CPU.Build.0 = Debug|Any CPU
		{85A7222D-7214-D5DA-B535-C78A2F8EA98A}.Release|Any CPU.ActiveCfg = Release|Any CPU
		{85A7222D-7214-D5DA-B535-C78A2F8EA98A}.Release|Any CPU.Build.0 = Release|Any CPU
		{A236F250-8997-9639-40ED-9C8334429AD1}.Debug|Any CPU.ActiveCfg = Debug|Any CPU
		{A236F250-8997-9639-40ED-9C8334429AD1}.Debug|Any CPU.Build.0 = Debug|Any CPU
		{A236F250-8997-9639-40ED-9C8334429AD1}.Release|Any CPU.ActiveCfg = Release|Any CPU
		{A236F250-8997-9639-40ED-9C8334429AD1}.Release|Any CPU.Build.0 = Release|Any CPU
		{73F8F271-BB5E-26ED-3EAE-9DE91A7A3E6B}.Debug|Any CPU.ActiveCfg = Debug|Any CPU
		{73F8F271-BB5E-26ED-3EAE-9DE91A7A3E6B}.Debug|Any CPU.Build.0 = Debug|Any CPU
		{73F8F271-BB5E-26ED-3EAE-9DE91A7A3E6B}.Release|Any CPU.ActiveCfg = Release|Any CPU
		{73F8F271-BB5E-26ED-3EAE-9DE91A7A3E6B}.Release|Any CPU.Build.0 = Release|Any CPU
		{E86A08C1-77D1-1B74-77C0-C1C9FD513B91}.Debug|Any CPU.ActiveCfg = Debug|Any CPU
		{E86A08C1-77D1-1B74-77C0-C1C9FD513B91}.Debug|Any CPU.Build.0 = Debug|Any CPU
		{E86A08C1-77D1-1B74-77C0-C1C9FD513B91}.Release|Any CPU.ActiveCfg = Release|Any CPU
		{E86A08C1-77D1-1B74-77C0-C1C9FD513B91}.Release|Any CPU.Build.0 = Release|Any CPU
		{5E7BC743-8CE2-9050-EA2E-1F8BCC5E9F7D}.Debug|Any CPU.ActiveCfg = Debug|Any CPU
		{5E7BC743-8CE2-9050-EA2E-1F8BCC5E9F7D}.Debug|Any CPU.Build.0 = Debug|Any CPU
		{5E7BC743-8CE2-9050-EA2E-1F8BCC5E9F7D}.Release|Any CPU.ActiveCfg = Release|Any CPU
		{5E7BC743-8CE2-9050-EA2E-1F8BCC5E9F7D}.Release|Any CPU.Build.0 = Release|Any CPU
		{02CE0337-9D12-EFF4-2728-1F2B3BEF236D}.Debug|Any CPU.ActiveCfg = Debug|Any CPU
		{02CE0337-9D12-EFF4-2728-1F2B3BEF236D}.Debug|Any CPU.Build.0 = Debug|Any CPU
		{02CE0337-9D12-EFF4-2728-1F2B3BEF236D}.Release|Any CPU.ActiveCfg = Release|Any CPU
		{02CE0337-9D12-EFF4-2728-1F2B3BEF236D}.Release|Any CPU.Build.0 = Release|Any CPU
		{EEA01EDC-F2C8-43D6-FE80-DCE3902A2DAC}.Debug|Any CPU.ActiveCfg = Debug|Any CPU
		{EEA01EDC-F2C8-43D6-FE80-DCE3902A2DAC}.Debug|Any CPU.Build.0 = Debug|Any CPU
		{EEA01EDC-F2C8-43D6-FE80-DCE3902A2DAC}.Release|Any CPU.ActiveCfg = Release|Any CPU
		{EEA01EDC-F2C8-43D6-FE80-DCE3902A2DAC}.Release|Any CPU.Build.0 = Release|Any CPU
		{B5B90119-928C-0F84-16A1-34826D9ADA57}.Debug|Any CPU.ActiveCfg = Debug|Any CPU
		{B5B90119-928C-0F84-16A1-34826D9ADA57}.Debug|Any CPU.Build.0 = Debug|Any CPU
		{B5B90119-928C-0F84-16A1-34826D9ADA57}.Release|Any CPU.ActiveCfg = Release|Any CPU
		{B5B90119-928C-0F84-16A1-34826D9ADA57}.Release|Any CPU.Build.0 = Release|Any CPU
		{6CC0E048-AA26-B854-469B-BBA628F69074}.Debug|Any CPU.ActiveCfg = Debug|Any CPU
		{6CC0E048-AA26-B854-469B-BBA628F69074}.Debug|Any CPU.Build.0 = Debug|Any CPU
		{6CC0E048-AA26-B854-469B-BBA628F69074}.Release|Any CPU.ActiveCfg = Release|Any CPU
		{6CC0E048-AA26-B854-469B-BBA628F69074}.Release|Any CPU.Build.0 = Release|Any CPU
		{735B2F79-341A-3A17-863D-3221A3EF797D}.Debug|Any CPU.ActiveCfg = Debug|Any CPU
		{735B2F79-341A-3A17-863D-3221A3EF797D}.Debug|Any CPU.Build.0 = Debug|Any CPU
		{735B2F79-341A-3A17-863D-3221A3EF797D}.Release|Any CPU.ActiveCfg = Release|Any CPU
		{735B2F79-341A-3A17-863D-3221A3EF797D}.Release|Any CPU.Build.0 = Release|Any CPU
		{8A7881A2-8A17-D743-4C77-BB3D69258B04}.Debug|Any CPU.ActiveCfg = Debug|Any CPU
		{8A7881A2-8A17-D743-4C77-BB3D69258B04}.Debug|Any CPU.Build.0 = Debug|Any CPU
		{8A7881A2-8A17-D743-4C77-BB3D69258B04}.Release|Any CPU.ActiveCfg = Release|Any CPU
		{8A7881A2-8A17-D743-4C77-BB3D69258B04}.Release|Any CPU.Build.0 = Release|Any CPU
		{0637E2C9-C26D-98F0-4B95-CAC65FA7D96C}.Debug|Any CPU.ActiveCfg = Debug|Any CPU
		{0637E2C9-C26D-98F0-4B95-CAC65FA7D96C}.Debug|Any CPU.Build.0 = Debug|Any CPU
		{0637E2C9-C26D-98F0-4B95-CAC65FA7D96C}.Release|Any CPU.ActiveCfg = Release|Any CPU
		{0637E2C9-C26D-98F0-4B95-CAC65FA7D96C}.Release|Any CPU.Build.0 = Release|Any CPU
		{47DCD3BC-DE06-2C64-A0A0-26592361AD7D}.Debug|Any CPU.ActiveCfg = Debug|Any CPU
		{47DCD3BC-DE06-2C64-A0A0-26592361AD7D}.Debug|Any CPU.Build.0 = Debug|Any CPU
		{47DCD3BC-DE06-2C64-A0A0-26592361AD7D}.Release|Any CPU.ActiveCfg = Release|Any CPU
		{47DCD3BC-DE06-2C64-A0A0-26592361AD7D}.Release|Any CPU.Build.0 = Release|Any CPU
		{BACAE1D8-4F1C-396F-2CA6-978D4255591E}.Debug|Any CPU.ActiveCfg = Debug|Any CPU
		{BACAE1D8-4F1C-396F-2CA6-978D4255591E}.Debug|Any CPU.Build.0 = Debug|Any CPU
		{BACAE1D8-4F1C-396F-2CA6-978D4255591E}.Release|Any CPU.ActiveCfg = Release|Any CPU
		{BACAE1D8-4F1C-396F-2CA6-978D4255591E}.Release|Any CPU.Build.0 = Release|Any CPU
	EndGlobalSection
	GlobalSection(SolutionProperties) = preSolution
		HideSolutionNode = FALSE
	EndGlobalSection
EndGlobal
